
Microsoft Visual Studio Solution File, Format Version 12.00
# Visual Studio Version 17
VisualStudioVersion = 17.6.33829.357
MinimumVisualStudioVersion = 10.0.40219.1
Project("{FAE04EC0-301F-11D3-BF4B-00C04F79EFBC}") = "machine", "machine\machine.csproj", "{AA954BEF-670A-4D92-B235-F38466F4A9BC}"
EndProject
Global
	GlobalSection(SolutionConfigurationPlatforms) = preSolution
		Debug|Any CPU = Debug|Any CPU
		Release|Any CPU = Release|Any CPU
	EndGlobalSection
	GlobalSection(ProjectConfigurationPlatforms) = postSolution
		{AA954BEF-670A-4D92-B235-F38466F4A9BC}.Debug|Any CPU.ActiveCfg = Debug|Any CPU
		{AA954BEF-670A-4D92-B235-F38466F4A9BC}.Debug|Any CPU.Build.0 = Debug|Any CPU
		{AA954BEF-670A-4D92-B235-F38466F4A9BC}.Release|Any CPU.ActiveCfg = Release|Any CPU
		{AA954BEF-670A-4D92-B235-F38466F4A9BC}.Release|Any CPU.Build.0 = Release|Any CPU
	EndGlobalSection
	GlobalSection(SolutionProperties) = preSolution
		HideSolutionNode = FALSE
	EndGlobalSection
	GlobalSection(ExtensibilityGlobals) = postSolution
		SolutionGuid = {5023B974-9942-4ED9-B234-8E47AD56B74C}
	EndGlobalSection
EndGlobal
